
Microsoft Visual Studio Solution File, Format Version 12.00
# Visual Studio Version 16
VisualStudioVersion = 16.0.30002.166
MinimumVisualStudioVersion = 10.0.40219.1
Project("{FAE04EC0-301F-11D3-BF4B-00C04F79EFBC}") = "GrpcServer", "GrpcServer\GrpcServer.csproj", "{BA0A4AC2-E6F7-4E68-9DA7-5E6D31EEBBF8}"
EndProject
Project("{FAE04EC0-301F-11D3-BF4B-00C04F79EFBC}") = "GrpcClient", "GrpcClient\GrpcClient.csproj", "{ACDD59FF-06EE-4BA6-BB46-57F68DBC7A8E}"
EndProject
Global
	GlobalSection(SolutionConfigurationPlatforms) = preSolution
		Debug|Any CPU = Debug|Any CPU
		Release|Any CPU = Release|Any CPU
	EndGlobalSection
	GlobalSection(ProjectConfigurationPlatforms) = postSolution
		{BA0A4AC2-E6F7-4E68-9DA7-5E6D31EEBBF8}.Debug|Any CPU.ActiveCfg = Debug|Any CPU
		{BA0A4AC2-E6F7-4E68-9DA7-5E6D31EEBBF8}.Debug|Any CPU.Build.0 = Debug|Any CPU
		{BA0A4AC2-E6F7-4E68-9DA7-5E6D31EEBBF8}.Release|Any CPU.ActiveCfg = Release|Any CPU
		{BA0A4AC2-E6F7-4E68-9DA7-5E6D31EEBBF8}.Release|Any CPU.Build.0 = Release|Any CPU
		{ACDD59FF-06EE-4BA6-BB46-57F68DBC7A8E}.Debug|Any CPU.ActiveCfg = Debug|Any CPU
		{ACDD59FF-06EE-4BA6-BB46-57F68DBC7A8E}.Debug|Any CPU.Build.0 = Debug|Any CPU
		{ACDD59FF-06EE-4BA6-BB46-57F68DBC7A8E}.Release|Any CPU.ActiveCfg = Release|Any CPU
		{ACDD59FF-06EE-4BA6-BB46-57F68DBC7A8E}.Release|Any CPU.Build.0 = Release|Any CPU
	EndGlobalSection
	GlobalSection(SolutionProperties) = preSolution
		HideSolutionNode = FALSE
	EndGlobalSection
	GlobalSection(ExtensibilityGlobals) = postSolution
		SolutionGuid = {0597DC41-3A24-471F-9AAD-B98F3A3E301B}
	EndGlobalSection
EndGlobal
